
Microsoft Visual Studio Solution File, Format Version 12.00
# Visual Studio Version 17
VisualStudioVersion = 17.6.33723.286
MinimumVisualStudioVersion = 10.0.40219.1
Project("{FAE04EC0-301F-11D3-BF4B-00C04F79EFBC}") = "API2Proyecto", "API2Proyecto\API2Proyecto.csproj", "{CF360BB8-9B30-4DB2-945C-1B0D79077384}"
EndProject
Global
	GlobalSection(SolutionConfigurationPlatforms) = preSolution
		Debug|Any CPU = Debug|Any CPU
		Release|Any CPU = Release|Any CPU
	EndGlobalSection
	GlobalSection(ProjectConfigurationPlatforms) = postSolution
		{CF360BB8-9B30-4DB2-945C-1B0D79077384}.Debug|Any CPU.ActiveCfg = Debug|Any CPU
		{CF360BB8-9B30-4DB2-945C-1B0D79077384}.Debug|Any CPU.Build.0 = Debug|Any CPU
		{CF360BB8-9B30-4DB2-945C-1B0D79077384}.Release|Any CPU.ActiveCfg = Release|Any CPU
		{CF360BB8-9B30-4DB2-945C-1B0D79077384}.Release|Any CPU.Build.0 = Release|Any CPU
	EndGlobalSection
	GlobalSection(SolutionProperties) = preSolution
		HideSolutionNode = FALSE
	EndGlobalSection
	GlobalSection(ExtensibilityGlobals) = postSolution
		SolutionGuid = {DFF2F508-CE66-4BF0-B8CE-0195D55AB2D3}
	EndGlobalSection
EndGlobal
